
Microsoft Visual Studio Solution File, Format Version 12.00
# Visual Studio Version 17
VisualStudioVersion = 17.11.35312.102
MinimumVisualStudioVersion = 10.0.40219.1
Project("{9A19103F-16F7-4668-BE54-9A1E7A4F7556}") = "ex_prueba", "ex_prueba\ex_prueba.csproj", "{60E8EF4F-59AA-4344-82C8-F1BA25CC2408}"
EndProject
Project("{9A19103F-16F7-4668-BE54-9A1E7A4F7556}") = "ex01", "ex01\ex01.csproj", "{9A8289FE-583E-4DD3-8D03-8C5C702D428F}"
EndProject
Project("{9A19103F-16F7-4668-BE54-9A1E7A4F7556}") = "ex02", "ex02\ex02.csproj", "{C9DDA489-EBA5-4D23-82C3-5D5782F957B1}"
EndProject
Project("{9A19103F-16F7-4668-BE54-9A1E7A4F7556}") = "ex03", "ex03\ex03.csproj", "{ADDFBBB2-11E3-46E2-A73A-F03CAA9D9449}"
EndProject
Project("{9A19103F-16F7-4668-BE54-9A1E7A4F7556}") = "ex04", "ex04\ex04.csproj", "{AF79EE83-454B-4561-909E-321577889FF2}"
EndProject
Project("{9A19103F-16F7-4668-BE54-9A1E7A4F7556}") = "ex05", "ex05\ex05.csproj", "{6249F9F8-B7D7-4C51-8320-445CE7A8BC54}"
EndProject
Project("{9A19103F-16F7-4668-BE54-9A1E7A4F7556}") = "ex06", "ex06\ex06.csproj", "{592CB30B-1C75-4DC6-A25C-43EBF3E1811C}"
EndProject
Project("{9A19103F-16F7-4668-BE54-9A1E7A4F7556}") = "ex07", "ex07\ex07.csproj", "{571D242F-906B-424F-AB7F-9AFCDFCC587E}"
EndProject
Project("{9A19103F-16F7-4668-BE54-9A1E7A4F7556}") = "ex08", "ex08\ex08.csproj", "{ABD2E948-F4A5-4C8D-8675-670CDF8F9AA9}"
EndProject
Project("{9A19103F-16F7-4668-BE54-9A1E7A4F7556}") = "ex09", "ex09\ex09.csproj", "{70CE005C-D2BB-4DD3-BDB2-AEB0FA9A0E26}"
EndProject
Project("{9A19103F-16F7-4668-BE54-9A1E7A4F7556}") = "ex10", "ex10\ex10.csproj", "{79342F20-11F2-42B6-8BDC-19DDBB892392}"
EndProject
Project("{9A19103F-16F7-4668-BE54-9A1E7A4F7556}") = "ex30", "ex30\ex30.csproj", "{3CB155A9-617A-4836-AB80-D106D19D5075}"
EndProject
Project("{9A19103F-16F7-4668-BE54-9A1E7A4F7556}") = "ex11", "ex11\ex11.csproj", "{C2044A57-9535-4FCE-889E-6D2942AD36F5}"
EndProject
Project("{9A19103F-16F7-4668-BE54-9A1E7A4F7556}") = "ex12", "ex12\ex12.csproj", "{919C955B-6358-4509-A84C-454CBA36093D}"
EndProject
Project("{9A19103F-16F7-4668-BE54-9A1E7A4F7556}") = "ex13", "ex13\ex13.csproj", "{F6C3A5E8-6D27-4F91-B054-21B70AFC28B5}"
EndProject
Project("{9A19103F-16F7-4668-BE54-9A1E7A4F7556}") = "ex14", "ex14\ex14.csproj", "{DFD148C5-C139-489D-A755-F46824DE4307}"
EndProject
Project("{9A19103F-16F7-4668-BE54-9A1E7A4F7556}") = "ex15", "ex15\ex15.csproj", "{6B8D18C9-1369-4D36-9BEA-92229F669369}"
EndProject
Project("{9A19103F-16F7-4668-BE54-9A1E7A4F7556}") = "ex16", "ex16\ex16.csproj", "{D08438A6-2C79-42C2-BB93-223A0D99B651}"
EndProject
Project("{FAE04EC0-301F-11D3-BF4B-00C04F79EFBC}") = "ex11_SolucionGenerica", "ex11_SolucionGenerica\ex11_SolucionGenerica.csproj", "{32E6E4AD-5BFF-4C43-BA9A-2D747C20C0B4}"
EndProject
Global
	GlobalSection(SolutionConfigurationPlatforms) = preSolution
		Debug|Any CPU = Debug|Any CPU
		Release|Any CPU = Release|Any CPU
	EndGlobalSection
	GlobalSection(ProjectConfigurationPlatforms) = postSolution
		{60E8EF4F-59AA-4344-82C8-F1BA25CC2408}.Debug|Any CPU.ActiveCfg = Debug|Any CPU
		{60E8EF4F-59AA-4344-82C8-F1BA25CC2408}.Debug|Any CPU.Build.0 = Debug|Any CPU
		{60E8EF4F-59AA-4344-82C8-F1BA25CC2408}.Release|Any CPU.ActiveCfg = Release|Any CPU
		{60E8EF4F-59AA-4344-82C8-F1BA25CC2408}.Release|Any CPU.Build.0 = Release|Any CPU
		{9A8289FE-583E-4DD3-8D03-8C5C702D428F}.Debug|Any CPU.ActiveCfg = Debug|Any CPU
		{9A8289FE-583E-4DD3-8D03-8C5C702D428F}.Debug|Any CPU.Build.0 = Debug|Any CPU
		{9A8289FE-583E-4DD3-8D03-8C5C702D428F}.Release|Any CPU.ActiveCfg = Release|Any CPU
		{9A8289FE-583E-4DD3-8D03-8C5C702D428F}.Release|Any CPU.Build.0 = Release|Any CPU
		{C9DDA489-EBA5-4D23-82C3-5D5782F957B1}.Debug|Any CPU.ActiveCfg = Debug|Any CPU
		{C9DDA489-EBA5-4D23-82C3-5D5782F957B1}.Debug|Any CPU.Build.0 = Debug|Any CPU
		{C9DDA489-EBA5-4D23-82C3-5D5782F957B1}.Release|Any CPU.ActiveCfg = Release|Any CPU
		{C9DDA489-EBA5-4D23-82C3-5D5782F957B1}.Release|Any CPU.Build.0 = Release|Any CPU
		{ADDFBBB2-11E3-46E2-A73A-F03CAA9D9449}.Debug|Any CPU.ActiveCfg = Debug|Any CPU
		{ADDFBBB2-11E3-46E2-A73A-F03CAA9D9449}.Debug|Any CPU.Build.0 = Debug|Any CPU
		{ADDFBBB2-11E3-46E2-A73A-F03CAA9D9449}.Release|Any CPU.ActiveCfg = Release|Any CPU
		{ADDFBBB2-11E3-46E2-A73A-F03CAA9D9449}.Release|Any CPU.Build.0 = Release|Any CPU
		{AF79EE83-454B-4561-909E-321577889FF2}.Debug|Any CPU.ActiveCfg = Debug|Any CPU
		{AF79EE83-454B-4561-909E-321577889FF2}.Debug|Any CPU.Build.0 = Debug|Any CPU
		{AF79EE83-454B-4561-909E-321577889FF2}.Release|Any CPU.ActiveCfg = Release|Any CPU
		{AF79EE83-454B-4561-909E-321577889FF2}.Release|Any CPU.Build.0 = Release|Any CPU
		{6249F9F8-B7D7-4C51-8320-445CE7A8BC54}.Debug|Any CPU.ActiveCfg = Debug|Any CPU
		{6249F9F8-B7D7-4C51-8320-445CE7A8BC54}.Debug|Any CPU.Build.0 = Debug|Any CPU
		{6249F9F8-B7D7-4C51-8320-445CE7A8BC54}.Release|Any CPU.ActiveCfg = Release|Any CPU
		{6249F9F8-B7D7-4C51-8320-445CE7A8BC54}.Release|Any CPU.Build.0 = Release|Any CPU
		{592CB30B-1C75-4DC6-A25C-43EBF3E1811C}.Debug|Any CPU.ActiveCfg = Debug|Any CPU
		{592CB30B-1C75-4DC6-A25C-43EBF3E1811C}.Debug|Any CPU.Build.0 = Debug|Any CPU
		{592CB30B-1C75-4DC6-A25C-43EBF3E1811C}.Release|Any CPU.ActiveCfg = Release|Any CPU
		{592CB30B-1C75-4DC6-A25C-43EBF3E1811C}.Release|Any CPU.Build.0 = Release|Any CPU
		{571D242F-906B-424F-AB7F-9AFCDFCC587E}.Debug|Any CPU.ActiveCfg = Debug|Any CPU
		{571D242F-906B-424F-AB7F-9AFCDFCC587E}.Debug|Any CPU.Build.0 = Debug|Any CPU
		{571D242F-906B-424F-AB7F-9AFCDFCC587E}.Release|Any CPU.ActiveCfg = Release|Any CPU
		{571D242F-906B-424F-AB7F-9AFCDFCC587E}.Release|Any CPU.Build.0 = Release|Any CPU
		{ABD2E948-F4A5-4C8D-8675-670CDF8F9AA9}.Debug|Any CPU.ActiveCfg = Debug|Any CPU
		{ABD2E948-F4A5-4C8D-8675-670CDF8F9AA9}.Debug|Any CPU.Build.0 = Debug|Any CPU
		{ABD2E948-F4A5-4C8D-8675-670CDF8F9AA9}.Release|Any CPU.ActiveCfg = Release|Any CPU
		{ABD2E948-F4A5-4C8D-8675-670CDF8F9AA9}.Release|Any CPU.Build.0 = Release|Any CPU
		{70CE005C-D2BB-4DD3-BDB2-AEB0FA9A0E26}.Debug|Any CPU.ActiveCfg = Debug|Any CPU
		{70CE005C-D2BB-4DD3-BDB2-AEB0FA9A0E26}.Debug|Any CPU.Build.0 = Debug|Any CPU
		{70CE005C-D2BB-4DD3-BDB2-AEB0FA9A0E26}.Release|Any CPU.ActiveCfg = Release|Any CPU
		{70CE005C-D2BB-4DD3-BDB2-AEB0FA9A0E26}.Release|Any CPU.Build.0 = Release|Any CPU
		{79342F20-11F2-42B6-8BDC-19DDBB892392}.Debug|Any CPU.ActiveCfg = Debug|Any CPU
		{79342F20-11F2-42B6-8BDC-19DDBB892392}.Debug|Any CPU.Build.0 = Debug|Any CPU
		{79342F20-11F2-42B6-8BDC-19DDBB892392}.Release|Any CPU.ActiveCfg = Release|Any CPU
		{79342F20-11F2-42B6-8BDC-19DDBB892392}.Release|Any CPU.Build.0 = Release|Any CPU
		{3CB155A9-617A-4836-AB80-D106D19D5075}.Debug|Any CPU.ActiveCfg = Debug|Any CPU
		{3CB155A9-617A-4836-AB80-D106D19D5075}.Debug|Any CPU.Build.0 = Debug|Any CPU
		{3CB155A9-617A-4836-AB80-D106D19D5075}.Release|Any CPU.ActiveCfg = Release|Any CPU
		{3CB155A9-617A-4836-AB80-D106D19D5075}.Release|Any CPU.Build.0 = Release|Any CPU
		{C2044A57-9535-4FCE-889E-6D2942AD36F5}.Debug|Any CPU.ActiveCfg = Debug|Any CPU
		{C2044A57-9535-4FCE-889E-6D2942AD36F5}.Debug|Any CPU.Build.0 = Debug|Any CPU
		{C2044A57-9535-4FCE-889E-6D2942AD36F5}.Release|Any CPU.ActiveCfg = Release|Any CPU
		{C2044A57-9535-4FCE-889E-6D2942AD36F5}.Release|Any CPU.Build.0 = Release|Any CPU
		{919C955B-6358-4509-A84C-454CBA36093D}.Debug|Any CPU.ActiveCfg = Debug|Any CPU
		{919C955B-6358-4509-A84C-454CBA36093D}.Debug|Any CPU.Build.0 = Debug|Any CPU
		{919C955B-6358-4509-A84C-454CBA36093D}.Release|Any CPU.ActiveCfg = Release|Any CPU
		{919C955B-6358-4509-A84C-454CBA36093D}.Release|Any CPU.Build.0 = Release|Any CPU
		{F6C3A5E8-6D27-4F91-B054-21B70AFC28B5}.Debug|Any CPU.ActiveCfg = Debug|Any CPU
		{F6C3A5E8-6D27-4F91-B054-21B70AFC28B5}.Debug|Any CPU.Build.0 = Debug|Any CPU
		{F6C3A5E8-6D27-4F91-B054-21B70AFC28B5}.Release|Any CPU.ActiveCfg = Release|Any CPU
		{F6C3A5E8-6D27-4F91-B054-21B70AFC28B5}.Release|Any CPU.Build.0 = Release|Any CPU
		{DFD148C5-C139-489D-A755-F46824DE4307}.Debug|Any CPU.ActiveCfg = Debug|Any CPU
		{DFD148C5-C139-489D-A755-F46824DE4307}.Debug|Any CPU.Build.0 = Debug|Any CPU
		{DFD148C5-C139-489D-A755-F46824DE4307}.Release|Any CPU.ActiveCfg = Release|Any CPU
		{DFD148C5-C139-489D-A755-F46824DE4307}.Release|Any CPU.Build.0 = Release|Any CPU
		{6B8D18C9-1369-4D36-9BEA-92229F669369}.Debug|Any CPU.ActiveCfg = Debug|Any CPU
		{6B8D18C9-1369-4D36-9BEA-92229F669369}.Debug|Any CPU.Build.0 = Debug|Any CPU
		{6B8D18C9-1369-4D36-9BEA-92229F669369}.Release|Any CPU.ActiveCfg = Release|Any CPU
		{6B8D18C9-1369-4D36-9BEA-92229F669369}.Release|Any CPU.Build.0 = Release|Any CPU
		{D08438A6-2C79-42C2-BB93-223A0D99B651}.Debug|Any CPU.ActiveCfg = Debug|Any CPU
		{D08438A6-2C79-42C2-BB93-223A0D99B651}.Debug|Any CPU.Build.0 = Debug|Any CPU
		{D08438A6-2C79-42C2-BB93-223A0D99B651}.Release|Any CPU.ActiveCfg = Release|Any CPU
		{D08438A6-2C79-42C2-BB93-223A0D99B651}.Release|Any CPU.Build.0 = Release|Any CPU
		{32E6E4AD-5BFF-4C43-BA9A-2D747C20C0B4}.Debug|Any CPU.ActiveCfg = Debug|Any CPU
		{32E6E4AD-5BFF-4C43-BA9A-2D747C20C0B4}.Debug|Any CPU.Build.0 = Debug|Any CPU
		{32E6E4AD-5BFF-4C43-BA9A-2D747C20C0B4}.Release|Any CPU.ActiveCfg = Release|Any CPU
		{32E6E4AD-5BFF-4C43-BA9A-2D747C20C0B4}.Release|Any CPU.Build.0 = Release|Any CPU
	EndGlobalSection
	GlobalSection(SolutionProperties) = preSolution
		HideSolutionNode = FALSE
	EndGlobalSection
	GlobalSection(ExtensibilityGlobals) = postSolution
		SolutionGuid = {05905F4E-8128-48BE-B424-1E498F7E7E39}
	EndGlobalSection
EndGlobal
